
Microsoft Visual Studio Solution File, Format Version 12.00
# Visual Studio Version 16
VisualStudioVersion = 16.0.31402.337
MinimumVisualStudioVersion = 10.0.40219.1
Project("{FAE04EC0-301F-11D3-BF4B-00C04F79EFBC}") = "Domain", "Domain\Domain.csproj", "{8423839D-65E5-444E-B676-C4B57F1DEA3E}"
EndProject
Project("{FAE04EC0-301F-11D3-BF4B-00C04F79EFBC}") = "UnitTests", "UnitTests\UnitTests.csproj", "{60CC4144-3835-47B2-AE98-F4D76F06CD4D}"
EndProject
Global
	GlobalSection(SolutionConfigurationPlatforms) = preSolution
		Debug|Any CPU = Debug|Any CPU
		Release|Any CPU = Release|Any CPU
	EndGlobalSection
	GlobalSection(ProjectConfigurationPlatforms) = postSolution
		{8423839D-65E5-444E-B676-C4B57F1DEA3E}.Debug|Any CPU.ActiveCfg = Debug|Any CPU
		{8423839D-65E5-444E-B676-C4B57F1DEA3E}.Debug|Any CPU.Build.0 = Debug|Any CPU
		{8423839D-65E5-444E-B676-C4B57F1DEA3E}.Release|Any CPU.ActiveCfg = Release|Any CPU
		{8423839D-65E5-444E-B676-C4B57F1DEA3E}.Release|Any CPU.Build.0 = Release|Any CPU
		{60CC4144-3835-47B2-AE98-F4D76F06CD4D}.Debug|Any CPU.ActiveCfg = Debug|Any CPU
		{60CC4144-3835-47B2-AE98-F4D76F06CD4D}.Debug|Any CPU.Build.0 = Debug|Any CPU
		{60CC4144-3835-47B2-AE98-F4D76F06CD4D}.Release|Any CPU.ActiveCfg = Release|Any CPU
		{60CC4144-3835-47B2-AE98-F4D76F06CD4D}.Release|Any CPU.Build.0 = Release|Any CPU
	EndGlobalSection
	GlobalSection(SolutionProperties) = preSolution
		HideSolutionNode = FALSE
	EndGlobalSection
	GlobalSection(ExtensibilityGlobals) = postSolution
		SolutionGuid = {6876A24C-E792-4507-BCAA-14F68431D809}
	EndGlobalSection
EndGlobal
